
Microsoft Visual Studio Solution File, Format Version 12.00
# Visual Studio Version 16
VisualStudioVersion = 16.0.29613.14
MinimumVisualStudioVersion = 10.0.40219.1
Project("{FAE04EC0-301F-11D3-BF4B-00C04F79EFBC}") = "LojaVirtualSOAP", "LojaVirtualSOAP\LojaVirtualSOAP.csproj", "{00153D8C-D7AF-40B1-949E-E9C350D11E6B}"
EndProject
Global
	GlobalSection(SolutionConfigurationPlatforms) = preSolution
		Debug|Any CPU = Debug|Any CPU
		Release|Any CPU = Release|Any CPU
	EndGlobalSection
	GlobalSection(ProjectConfigurationPlatforms) = postSolution
		{00153D8C-D7AF-40B1-949E-E9C350D11E6B}.Debug|Any CPU.ActiveCfg = Debug|Any CPU
		{00153D8C-D7AF-40B1-949E-E9C350D11E6B}.Debug|Any CPU.Build.0 = Debug|Any CPU
		{00153D8C-D7AF-40B1-949E-E9C350D11E6B}.Release|Any CPU.ActiveCfg = Release|Any CPU
		{00153D8C-D7AF-40B1-949E-E9C350D11E6B}.Release|Any CPU.Build.0 = Release|Any CPU
	EndGlobalSection
	GlobalSection(SolutionProperties) = preSolution
		HideSolutionNode = FALSE
	EndGlobalSection
	GlobalSection(ExtensibilityGlobals) = postSolution
		SolutionGuid = {F14A912D-0189-4BA4-9806-3C563103FEF2}
	EndGlobalSection
EndGlobal
